
Microsoft Visual Studio Solution File, Format Version 12.00
# Visual Studio Version 17
VisualStudioVersion = 17.13.35919.96
MinimumVisualStudioVersion = 10.0.40219.1
Project("{FAE04EC0-301F-11D3-BF4B-00C04F79EFBC}") = "Task1", "dpm-3\Task1.csproj", "{4DAAAB2F-C7F4-4FE8-889D-A2B492A41578}"
EndProject
Project("{FAE04EC0-301F-11D3-BF4B-00C04F79EFBC}") = "Task2", "Task2\Task2.csproj", "{8E8FD399-70CE-49E6-9972-20CC4A4016A3}"
EndProject
Project("{FAE04EC0-301F-11D3-BF4B-00C04F79EFBC}") = "Task3", "Task3\Task3.csproj", "{0AC68079-62F7-4C3D-BB76-5EC6103EEB9E}"
EndProject
Global
	GlobalSection(SolutionConfigurationPlatforms) = preSolution
		Debug|Any CPU = Debug|Any CPU
		Release|Any CPU = Release|Any CPU
	EndGlobalSection
	GlobalSection(ProjectConfigurationPlatforms) = postSolution
		{4DAAAB2F-C7F4-4FE8-889D-A2B492A41578}.Debug|Any CPU.ActiveCfg = Debug|Any CPU
		{4DAAAB2F-C7F4-4FE8-889D-A2B492A41578}.Debug|Any CPU.Build.0 = Debug|Any CPU
		{4DAAAB2F-C7F4-4FE8-889D-A2B492A41578}.Release|Any CPU.ActiveCfg = Release|Any CPU
		{4DAAAB2F-C7F4-4FE8-889D-A2B492A41578}.Release|Any CPU.Build.0 = Release|Any CPU
		{8E8FD399-70CE-49E6-9972-20CC4A4016A3}.Debug|Any CPU.ActiveCfg = Debug|Any CPU
		{8E8FD399-70CE-49E6-9972-20CC4A4016A3}.Debug|Any CPU.Build.0 = Debug|Any CPU
		{8E8FD399-70CE-49E6-9972-20CC4A4016A3}.Release|Any CPU.ActiveCfg = Release|Any CPU
		{8E8FD399-70CE-49E6-9972-20CC4A4016A3}.Release|Any CPU.Build.0 = Release|Any CPU
		{0AC68079-62F7-4C3D-BB76-5EC6103EEB9E}.Debug|Any CPU.ActiveCfg = Debug|Any CPU
		{0AC68079-62F7-4C3D-BB76-5EC6103EEB9E}.Debug|Any CPU.Build.0 = Debug|Any CPU
		{0AC68079-62F7-4C3D-BB76-5EC6103EEB9E}.Release|Any CPU.ActiveCfg = Release|Any CPU
		{0AC68079-62F7-4C3D-BB76-5EC6103EEB9E}.Release|Any CPU.Build.0 = Release|Any CPU
	EndGlobalSection
	GlobalSection(SolutionProperties) = preSolution
		HideSolutionNode = FALSE
	EndGlobalSection
	GlobalSection(ExtensibilityGlobals) = postSolution
		SolutionGuid = {36BD2FF7-FCDC-4CAD-8FBD-D135F30723B3}
	EndGlobalSection
EndGlobal
